
Microsoft Visual Studio Solution File, Format Version 12.00
# Visual Studio Version 16
VisualStudioVersion = 16.0.31702.278
MinimumVisualStudioVersion = 10.0.40219.1
Project("{FAE04EC0-301F-11D3-BF4B-00C04F79EFBC}") = "KanyeWest", "KanyeWest\KanyeWest.csproj", "{261CBB6B-DF75-4462-9C9A-03517E162272}"
EndProject
Global
	GlobalSection(SolutionConfigurationPlatforms) = preSolution
		Debug|Any CPU = Debug|Any CPU
		Release|Any CPU = Release|Any CPU
	EndGlobalSection
	GlobalSection(ProjectConfigurationPlatforms) = postSolution
		{261CBB6B-DF75-4462-9C9A-03517E162272}.Debug|Any CPU.ActiveCfg = Debug|Any CPU
		{261CBB6B-DF75-4462-9C9A-03517E162272}.Debug|Any CPU.Build.0 = Debug|Any CPU
		{261CBB6B-DF75-4462-9C9A-03517E162272}.Release|Any CPU.ActiveCfg = Release|Any CPU
		{261CBB6B-DF75-4462-9C9A-03517E162272}.Release|Any CPU.Build.0 = Release|Any CPU
	EndGlobalSection
	GlobalSection(SolutionProperties) = preSolution
		HideSolutionNode = FALSE
	EndGlobalSection
	GlobalSection(ExtensibilityGlobals) = postSolution
		SolutionGuid = {8F91E998-409C-4529-9E98-646E813C3795}
	EndGlobalSection
EndGlobal
